
Microsoft Visual Studio Solution File, Format Version 12.00
# Visual Studio 2012
Project("{FAE04EC0-301F-11D3-BF4B-00C04F79EFBC}") = "AndroidTodo", "AndroidTodo\AndroidTodo.csproj", "{82F04C1E-2F0D-4396-ADC3-BC9EADEE8E7E}"
EndProject
Project("{FAE04EC0-301F-11D3-BF4B-00C04F79EFBC}") = "WinPhoneTodo", "WinPhoneTodo\WinPhoneTodo.csproj", "{8FD09DFC-EE0E-448C-8E0A-6FD727332081}"
EndProject
Project("{FAE04EC0-301F-11D3-BF4B-00C04F79EFBC}") = "NDCPortableLibraryXML", "NDCPortableLibraryXML\NDCPortableLibraryXML.csproj", "{8B8EDFDB-403F-4A0B-AEF0-EA35719B1B14}"
EndProject
Project("{FAE04EC0-301F-11D3-BF4B-00C04F79EFBC}") = "iOSTodo", "iOSTodo\iOSTodo.csproj", "{08A1E777-C427-42A1-9DB4-F7C9105E389B}"
EndProject
Project("{FAE04EC0-301F-11D3-BF4B-00C04F79EFBC}") = "NDCPortableLibraryList", "NDCPortableLibraryList\NDCPortableLibraryList.csproj", "{4619E97B-86C0-4E8E-8774-911E67F911EC}"
EndProject
Project("{FAE04EC0-301F-11D3-BF4B-00C04F79EFBC}") = "NDCPortableLibrarySQL", "NDCPortableLibrarySQL\NDCPortableLibrarySQL.csproj", "{8B8EDFDB-403F-4A0B-AEF0-EA35719B1B14}"
EndProject
Global
	GlobalSection(SolutionConfigurationPlatforms) = preSolution
		Debug|Any CPU = Debug|Any CPU
		Debug|ARM = Debug|ARM
		Debug|iPhone = Debug|iPhone
		Debug|iPhoneSimulator = Debug|iPhoneSimulator
		Debug|Mixed Platforms = Debug|Mixed Platforms
		Debug|x86 = Debug|x86
		Release|Any CPU = Release|Any CPU
		Release|ARM = Release|ARM
		Release|iPhone = Release|iPhone
		Release|iPhoneSimulator = Release|iPhoneSimulator
		Release|Mixed Platforms = Release|Mixed Platforms
		Release|x86 = Release|x86
	EndGlobalSection
	GlobalSection(ProjectConfigurationPlatforms) = postSolution
		{08A1E777-C427-42A1-9DB4-F7C9105E389B}.Debug|Any CPU.ActiveCfg = Debug|iPhoneSimulator
		{08A1E777-C427-42A1-9DB4-F7C9105E389B}.Debug|Any CPU.Build.0 = Debug|iPhoneSimulator
		{08A1E777-C427-42A1-9DB4-F7C9105E389B}.Debug|ARM.ActiveCfg = Debug|iPhone
		{08A1E777-C427-42A1-9DB4-F7C9105E389B}.Debug|iPhone.ActiveCfg = Debug|iPhone
		{08A1E777-C427-42A1-9DB4-F7C9105E389B}.Debug|iPhone.Build.0 = Debug|iPhone
		{08A1E777-C427-42A1-9DB4-F7C9105E389B}.Debug|iPhoneSimulator.ActiveCfg = Debug|iPhoneSimulator
		{08A1E777-C427-42A1-9DB4-F7C9105E389B}.Debug|iPhoneSimulator.Build.0 = Debug|iPhoneSimulator
		{08A1E777-C427-42A1-9DB4-F7C9105E389B}.Debug|Mixed Platforms.ActiveCfg = Debug|iPhoneSimulator
		{08A1E777-C427-42A1-9DB4-F7C9105E389B}.Debug|Mixed Platforms.Build.0 = Debug|iPhoneSimulator
		{08A1E777-C427-42A1-9DB4-F7C9105E389B}.Debug|x86.ActiveCfg = Debug|iPhone
		{08A1E777-C427-42A1-9DB4-F7C9105E389B}.Release|Any CPU.ActiveCfg = Debug|iPhoneSimulator
		{08A1E777-C427-42A1-9DB4-F7C9105E389B}.Release|Any CPU.Build.0 = Debug|iPhoneSimulator
		{08A1E777-C427-42A1-9DB4-F7C9105E389B}.Release|ARM.ActiveCfg = Release|iPhoneSimulator
		{08A1E777-C427-42A1-9DB4-F7C9105E389B}.Release|iPhone.ActiveCfg = Release|iPhone
		{08A1E777-C427-42A1-9DB4-F7C9105E389B}.Release|iPhone.Build.0 = Release|iPhone
		{08A1E777-C427-42A1-9DB4-F7C9105E389B}.Release|iPhoneSimulator.ActiveCfg = Release|iPhoneSimulator
		{08A1E777-C427-42A1-9DB4-F7C9105E389B}.Release|iPhoneSimulator.Build.0 = Release|iPhoneSimulator
		{08A1E777-C427-42A1-9DB4-F7C9105E389B}.Release|Mixed Platforms.ActiveCfg = Debug|iPhoneSimulator
		{08A1E777-C427-42A1-9DB4-F7C9105E389B}.Release|Mixed Platforms.Build.0 = Debug|iPhoneSimulator
		{08A1E777-C427-42A1-9DB4-F7C9105E389B}.Release|x86.ActiveCfg = Release|iPhoneSimulator
		{4619E97B-86C0-4E8E-8774-911E67F911EC}.Debug|Any CPU.ActiveCfg = Debug|Any CPU
		{4619E97B-86C0-4E8E-8774-911E67F911EC}.Debug|Any CPU.Build.0 = Debug|Any CPU
		{4619E97B-86C0-4E8E-8774-911E67F911EC}.Debug|ARM.ActiveCfg = Debug|Any CPU
		{4619E97B-86C0-4E8E-8774-911E67F911EC}.Debug|iPhone.ActiveCfg = Debug|Any CPU
		{4619E97B-86C0-4E8E-8774-911E67F911EC}.Debug|iPhone.Build.0 = Debug|Any CPU
		{4619E97B-86C0-4E8E-8774-911E67F911EC}.Debug|iPhoneSimulator.ActiveCfg = Debug|Any CPU
		{4619E97B-86C0-4E8E-8774-911E67F911EC}.Debug|iPhoneSimulator.Build.0 = Debug|Any CPU
		{4619E97B-86C0-4E8E-8774-911E67F911EC}.Debug|Mixed Platforms.ActiveCfg = Debug|Any CPU
		{4619E97B-86C0-4E8E-8774-911E67F911EC}.Debug|Mixed Platforms.Build.0 = Debug|Any CPU
		{4619E97B-86C0-4E8E-8774-911E67F911EC}.Debug|x86.ActiveCfg = Debug|Any CPU
		{4619E97B-86C0-4E8E-8774-911E67F911EC}.Release|Any CPU.ActiveCfg = Release|Any CPU
		{4619E97B-86C0-4E8E-8774-911E67F911EC}.Release|Any CPU.Build.0 = Release|Any CPU
		{4619E97B-86C0-4E8E-8774-911E67F911EC}.Release|ARM.ActiveCfg = Release|Any CPU
		{4619E97B-86C0-4E8E-8774-911E67F911EC}.Release|iPhone.ActiveCfg = Release|Any CPU
		{4619E97B-86C0-4E8E-8774-911E67F911EC}.Release|iPhone.Build.0 = Release|Any CPU
		{4619E97B-86C0-4E8E-8774-911E67F911EC}.Release|iPhoneSimulator.ActiveCfg = Release|Any CPU
		{4619E97B-86C0-4E8E-8774-911E67F911EC}.Release|iPhoneSimulator.Build.0 = Release|Any CPU
		{4619E97B-86C0-4E8E-8774-911E67F911EC}.Release|Mixed Platforms.ActiveCfg = Release|Any CPU
		{4619E97B-86C0-4E8E-8774-911E67F911EC}.Release|Mixed Platforms.Build.0 = Release|Any CPU
		{4619E97B-86C0-4E8E-8774-911E67F911EC}.Release|x86.ActiveCfg = Release|Any CPU
		{82F04C1E-2F0D-4396-ADC3-BC9EADEE8E7E}.Debug|Any CPU.ActiveCfg = Debug|Any CPU
		{82F04C1E-2F0D-4396-ADC3-BC9EADEE8E7E}.Debug|Any CPU.Build.0 = Debug|Any CPU
		{82F04C1E-2F0D-4396-ADC3-BC9EADEE8E7E}.Debug|ARM.ActiveCfg = Debug|Any CPU
		{82F04C1E-2F0D-4396-ADC3-BC9EADEE8E7E}.Debug|iPhone.ActiveCfg = Debug|Any CPU
		{82F04C1E-2F0D-4396-ADC3-BC9EADEE8E7E}.Debug|iPhone.Build.0 = Debug|Any CPU
		{82F04C1E-2F0D-4396-ADC3-BC9EADEE8E7E}.Debug|iPhoneSimulator.ActiveCfg = Debug|Any CPU
		{82F04C1E-2F0D-4396-ADC3-BC9EADEE8E7E}.Debug|iPhoneSimulator.Build.0 = Debug|Any CPU
		{82F04C1E-2F0D-4396-ADC3-BC9EADEE8E7E}.Debug|Mixed Platforms.ActiveCfg = Debug|Any CPU
		{82F04C1E-2F0D-4396-ADC3-BC9EADEE8E7E}.Debug|Mixed Platforms.Build.0 = Debug|Any CPU
		{82F04C1E-2F0D-4396-ADC3-BC9EADEE8E7E}.Debug|x86.ActiveCfg = Debug|Any CPU
		{82F04C1E-2F0D-4396-ADC3-BC9EADEE8E7E}.Release|Any CPU.ActiveCfg = Release|Any CPU
		{82F04C1E-2F0D-4396-ADC3-BC9EADEE8E7E}.Release|Any CPU.Build.0 = Release|Any CPU
		{82F04C1E-2F0D-4396-ADC3-BC9EADEE8E7E}.Release|ARM.ActiveCfg = Release|Any CPU
		{82F04C1E-2F0D-4396-ADC3-BC9EADEE8E7E}.Release|iPhone.ActiveCfg = Release|Any CPU
		{82F04C1E-2F0D-4396-ADC3-BC9EADEE8E7E}.Release|iPhone.Build.0 = Release|Any CPU
		{82F04C1E-2F0D-4396-ADC3-BC9EADEE8E7E}.Release|iPhoneSimulator.ActiveCfg = Release|Any CPU
		{82F04C1E-2F0D-4396-ADC3-BC9EADEE8E7E}.Release|iPhoneSimulator.Build.0 = Release|Any CPU
		{82F04C1E-2F0D-4396-ADC3-BC9EADEE8E7E}.Release|Mixed Platforms.ActiveCfg = Release|Any CPU
		{82F04C1E-2F0D-4396-ADC3-BC9EADEE8E7E}.Release|Mixed Platforms.Build.0 = Release|Any CPU
		{82F04C1E-2F0D-4396-ADC3-BC9EADEE8E7E}.Release|x86.ActiveCfg = Release|Any CPU
		{8B8EDFDB-403F-4A0B-AEF0-EA35719B1B14}.Debug|Any CPU.ActiveCfg = Debug|Any CPU
		{8B8EDFDB-403F-4A0B-AEF0-EA35719B1B14}.Debug|Any CPU.ActiveCfg = Debug|Any CPU
		{8B8EDFDB-403F-4A0B-AEF0-EA35719B1B14}.Debug|Any CPU.Build.0 = Debug|Any CPU
		{8B8EDFDB-403F-4A0B-AEF0-EA35719B1B14}.Debug|Any CPU.Build.0 = Debug|Any CPU
		{8B8EDFDB-403F-4A0B-AEF0-EA35719B1B14}.Debug|ARM.ActiveCfg = Debug|Any CPU
		{8B8EDFDB-403F-4A0B-AEF0-EA35719B1B14}.Debug|ARM.ActiveCfg = Debug|Any CPU
		{8B8EDFDB-403F-4A0B-AEF0-EA35719B1B14}.Debug|ARM.Build.0 = Debug|Any CPU
		{8B8EDFDB-403F-4A0B-AEF0-EA35719B1B14}.Debug|iPhone.ActiveCfg = Debug|Any CPU
		{8B8EDFDB-403F-4A0B-AEF0-EA35719B1B14}.Debug|iPhone.ActiveCfg = Debug|Any CPU
		{8B8EDFDB-403F-4A0B-AEF0-EA35719B1B14}.Debug|iPhone.Build.0 = Debug|Any CPU
		{8B8EDFDB-403F-4A0B-AEF0-EA35719B1B14}.Debug|iPhone.Build.0 = Debug|Any CPU
		{8B8EDFDB-403F-4A0B-AEF0-EA35719B1B14}.Debug|iPhoneSimulator.ActiveCfg = Debug|Any CPU
		{8B8EDFDB-403F-4A0B-AEF0-EA35719B1B14}.Debug|iPhoneSimulator.ActiveCfg = Debug|Any CPU
		{8B8EDFDB-403F-4A0B-AEF0-EA35719B1B14}.Debug|iPhoneSimulator.Build.0 = Debug|Any CPU
		{8B8EDFDB-403F-4A0B-AEF0-EA35719B1B14}.Debug|iPhoneSimulator.Build.0 = Debug|Any CPU
		{8B8EDFDB-403F-4A0B-AEF0-EA35719B1B14}.Debug|Mixed Platforms.ActiveCfg = Debug|Any CPU
		{8B8EDFDB-403F-4A0B-AEF0-EA35719B1B14}.Debug|Mixed Platforms.ActiveCfg = Debug|Any CPU
		{8B8EDFDB-403F-4A0B-AEF0-EA35719B1B14}.Debug|Mixed Platforms.Build.0 = Debug|Any CPU
		{8B8EDFDB-403F-4A0B-AEF0-EA35719B1B14}.Debug|Mixed Platforms.Build.0 = Debug|Any CPU
		{8B8EDFDB-403F-4A0B-AEF0-EA35719B1B14}.Debug|x86.ActiveCfg = Debug|Any CPU
		{8B8EDFDB-403F-4A0B-AEF0-EA35719B1B14}.Debug|x86.ActiveCfg = Debug|Any CPU
		{8B8EDFDB-403F-4A0B-AEF0-EA35719B1B14}.Debug|x86.Build.0 = Debug|Any CPU
		{8B8EDFDB-403F-4A0B-AEF0-EA35719B1B14}.Release|Any CPU.ActiveCfg = Release|Any CPU
		{8B8EDFDB-403F-4A0B-AEF0-EA35719B1B14}.Release|Any CPU.ActiveCfg = Release|Any CPU
		{8B8EDFDB-403F-4A0B-AEF0-EA35719B1B14}.Release|Any CPU.Build.0 = Release|Any CPU
		{8B8EDFDB-403F-4A0B-AEF0-EA35719B1B14}.Release|Any CPU.Build.0 = Release|Any CPU
		{8B8EDFDB-403F-4A0B-AEF0-EA35719B1B14}.Release|ARM.ActiveCfg = Release|Any CPU
		{8B8EDFDB-403F-4A0B-AEF0-EA35719B1B14}.Release|ARM.ActiveCfg = Release|Any CPU
		{8B8EDFDB-403F-4A0B-AEF0-EA35719B1B14}.Release|ARM.Build.0 = Release|Any CPU
		{8B8EDFDB-403F-4A0B-AEF0-EA35719B1B14}.Release|iPhone.ActiveCfg = Release|Any CPU
		{8B8EDFDB-403F-4A0B-AEF0-EA35719B1B14}.Release|iPhone.ActiveCfg = Release|Any CPU
		{8B8EDFDB-403F-4A0B-AEF0-EA35719B1B14}.Release|iPhone.Build.0 = Release|Any CPU
		{8B8EDFDB-403F-4A0B-AEF0-EA35719B1B14}.Release|iPhone.Build.0 = Release|Any CPU
		{8B8EDFDB-403F-4A0B-AEF0-EA35719B1B14}.Release|iPhoneSimulator.ActiveCfg = Release|Any CPU
		{8B8EDFDB-403F-4A0B-AEF0-EA35719B1B14}.Release|iPhoneSimulator.ActiveCfg = Release|Any CPU
		{8B8EDFDB-403F-4A0B-AEF0-EA35719B1B14}.Release|iPhoneSimulator.Build.0 = Release|Any CPU
		{8B8EDFDB-403F-4A0B-AEF0-EA35719B1B14}.Release|iPhoneSimulator.Build.0 = Release|Any CPU
		{8B8EDFDB-403F-4A0B-AEF0-EA35719B1B14}.Release|Mixed Platforms.ActiveCfg = Release|Any CPU
		{8B8EDFDB-403F-4A0B-AEF0-EA35719B1B14}.Release|Mixed Platforms.ActiveCfg = Release|Any CPU
		{8B8EDFDB-403F-4A0B-AEF0-EA35719B1B14}.Release|Mixed Platforms.Build.0 = Release|Any CPU
		{8B8EDFDB-403F-4A0B-AEF0-EA35719B1B14}.Release|Mixed Platforms.Build.0 = Release|Any CPU
		{8B8EDFDB-403F-4A0B-AEF0-EA35719B1B14}.Release|x86.ActiveCfg = Release|Any CPU
		{8B8EDFDB-403F-4A0B-AEF0-EA35719B1B14}.Release|x86.ActiveCfg = Release|Any CPU
		{8B8EDFDB-403F-4A0B-AEF0-EA35719B1B14}.Release|x86.Build.0 = Release|Any CPU
		{8FD09DFC-EE0E-448C-8E0A-6FD727332081}.Debug|Any CPU.ActiveCfg = Debug|Any CPU
		{8FD09DFC-EE0E-448C-8E0A-6FD727332081}.Debug|Any CPU.Build.0 = Debug|Any CPU
		{8FD09DFC-EE0E-448C-8E0A-6FD727332081}.Debug|Any CPU.Deploy.0 = Debug|Any CPU
		{8FD09DFC-EE0E-448C-8E0A-6FD727332081}.Debug|ARM.ActiveCfg = Debug|ARM
		{8FD09DFC-EE0E-448C-8E0A-6FD727332081}.Debug|ARM.Build.0 = Debug|ARM
		{8FD09DFC-EE0E-448C-8E0A-6FD727332081}.Debug|ARM.Deploy.0 = Debug|ARM
		{8FD09DFC-EE0E-448C-8E0A-6FD727332081}.Debug|iPhone.ActiveCfg = Debug|Any CPU
		{8FD09DFC-EE0E-448C-8E0A-6FD727332081}.Debug|iPhoneSimulator.ActiveCfg = Debug|Any CPU
		{8FD09DFC-EE0E-448C-8E0A-6FD727332081}.Debug|Mixed Platforms.ActiveCfg = Debug|Any CPU
		{8FD09DFC-EE0E-448C-8E0A-6FD727332081}.Debug|Mixed Platforms.Build.0 = Debug|Any CPU
		{8FD09DFC-EE0E-448C-8E0A-6FD727332081}.Debug|Mixed Platforms.Deploy.0 = Debug|Any CPU
		{8FD09DFC-EE0E-448C-8E0A-6FD727332081}.Debug|x86.ActiveCfg = Debug|x86
		{8FD09DFC-EE0E-448C-8E0A-6FD727332081}.Debug|x86.Build.0 = Debug|x86
		{8FD09DFC-EE0E-448C-8E0A-6FD727332081}.Debug|x86.Deploy.0 = Debug|x86
		{8FD09DFC-EE0E-448C-8E0A-6FD727332081}.Release|Any CPU.ActiveCfg = Release|Any CPU
		{8FD09DFC-EE0E-448C-8E0A-6FD727332081}.Release|Any CPU.Build.0 = Release|Any CPU
		{8FD09DFC-EE0E-448C-8E0A-6FD727332081}.Release|Any CPU.Deploy.0 = Release|Any CPU
		{8FD09DFC-EE0E-448C-8E0A-6FD727332081}.Release|ARM.ActiveCfg = Release|ARM
		{8FD09DFC-EE0E-448C-8E0A-6FD727332081}.Release|ARM.Build.0 = Release|ARM
		{8FD09DFC-EE0E-448C-8E0A-6FD727332081}.Release|ARM.Deploy.0 = Release|ARM
		{8FD09DFC-EE0E-448C-8E0A-6FD727332081}.Release|iPhone.ActiveCfg = Release|Any CPU
		{8FD09DFC-EE0E-448C-8E0A-6FD727332081}.Release|iPhoneSimulator.ActiveCfg = Release|Any CPU
		{8FD09DFC-EE0E-448C-8E0A-6FD727332081}.Release|Mixed Platforms.ActiveCfg = Release|Any CPU
		{8FD09DFC-EE0E-448C-8E0A-6FD727332081}.Release|Mixed Platforms.Build.0 = Release|Any CPU
		{8FD09DFC-EE0E-448C-8E0A-6FD727332081}.Release|Mixed Platforms.Deploy.0 = Release|Any CPU
		{8FD09DFC-EE0E-448C-8E0A-6FD727332081}.Release|x86.ActiveCfg = Release|x86
		{8FD09DFC-EE0E-448C-8E0A-6FD727332081}.Release|x86.Build.0 = Release|x86
		{8FD09DFC-EE0E-448C-8E0A-6FD727332081}.Release|x86.Deploy.0 = Release|x86
	EndGlobalSection
	GlobalSection(MonoDevelopProperties) = preSolution
		StartupItem = AndroidTodo\AndroidTodo.csproj
	EndGlobalSection
	GlobalSection(SolutionProperties) = preSolution
		HideSolutionNode = FALSE
	EndGlobalSection
EndGlobal
