
Microsoft Visual Studio Solution File, Format Version 11.00
# Visual Studio 2010
Project("{FAE04EC0-301F-11D3-BF4B-00C04F79EFBC}") = "CorpyiOS", "CorpyiOS.csproj", "{7002F292-FB05-4010-ADAD-841199529C77}"
EndProject
Global
	GlobalSection(SolutionConfigurationPlatforms) = preSolution
		Debug|iPhoneSimulator = Debug|iPhoneSimulator
		Release|iPhoneSimulator = Release|iPhoneSimulator
		Debug|iPhone = Debug|iPhone
		Release|iPhone = Release|iPhone
	EndGlobalSection
	GlobalSection(ProjectConfigurationPlatforms) = postSolution
		{7002F292-FB05-4010-ADAD-841199529C77}.Debug|iPhone.ActiveCfg = Debug|iPhone
		{7002F292-FB05-4010-ADAD-841199529C77}.Debug|iPhone.Build.0 = Debug|iPhone
		{7002F292-FB05-4010-ADAD-841199529C77}.Debug|iPhoneSimulator.ActiveCfg = Debug|iPhoneSimulator
		{7002F292-FB05-4010-ADAD-841199529C77}.Debug|iPhoneSimulator.Build.0 = Debug|iPhoneSimulator
		{7002F292-FB05-4010-ADAD-841199529C77}.Release|iPhone.ActiveCfg = Release|iPhone
		{7002F292-FB05-4010-ADAD-841199529C77}.Release|iPhone.Build.0 = Release|iPhone
		{7002F292-FB05-4010-ADAD-841199529C77}.Release|iPhoneSimulator.ActiveCfg = Release|iPhoneSimulator
		{7002F292-FB05-4010-ADAD-841199529C77}.Release|iPhoneSimulator.Build.0 = Release|iPhoneSimulator
	EndGlobalSection
	GlobalSection(MonoDevelopProperties) = preSolution
		StartupItem = CorpyiOS.csproj
	EndGlobalSection
EndGlobal
