
Microsoft Visual Studio Solution File, Format Version 12.00
# Visual Studio 2012
Project("{FAE04EC0-301F-11D3-BF4B-00C04F79EFBC}") = "OneCoolThing", "OneCoolThing.csproj", "{A1D77831-853E-42A6-984A-C78145897A63}"
EndProject
Global
	GlobalSection(SolutionConfigurationPlatforms) = preSolution
		Debug|iPhoneSimulator = Debug|iPhoneSimulator
		Release|iPhoneSimulator = Release|iPhoneSimulator
		Debug|iPhone = Debug|iPhone
		Release|iPhone = Release|iPhone
		Ad-Hoc|iPhone = Ad-Hoc|iPhone
		AppStore|iPhone = AppStore|iPhone
	EndGlobalSection
	GlobalSection(ProjectConfigurationPlatforms) = postSolution
		{A1D77831-853E-42A6-984A-C78145897A63}.Ad-Hoc|iPhone.ActiveCfg = Ad-Hoc|iPhone
		{A1D77831-853E-42A6-984A-C78145897A63}.Ad-Hoc|iPhone.Build.0 = Ad-Hoc|iPhone
		{A1D77831-853E-42A6-984A-C78145897A63}.AppStore|iPhone.ActiveCfg = AppStore|iPhone
		{A1D77831-853E-42A6-984A-C78145897A63}.AppStore|iPhone.Build.0 = AppStore|iPhone
		{A1D77831-853E-42A6-984A-C78145897A63}.Debug|iPhone.ActiveCfg = Debug|iPhone
		{A1D77831-853E-42A6-984A-C78145897A63}.Debug|iPhone.Build.0 = Debug|iPhone
		{A1D77831-853E-42A6-984A-C78145897A63}.Debug|iPhoneSimulator.ActiveCfg = Debug|iPhoneSimulator
		{A1D77831-853E-42A6-984A-C78145897A63}.Debug|iPhoneSimulator.Build.0 = Debug|iPhoneSimulator
		{A1D77831-853E-42A6-984A-C78145897A63}.Release|iPhone.ActiveCfg = Release|iPhone
		{A1D77831-853E-42A6-984A-C78145897A63}.Release|iPhone.Build.0 = Release|iPhone
		{A1D77831-853E-42A6-984A-C78145897A63}.Release|iPhoneSimulator.ActiveCfg = Release|iPhoneSimulator
		{A1D77831-853E-42A6-984A-C78145897A63}.Release|iPhoneSimulator.Build.0 = Release|iPhoneSimulator
	EndGlobalSection
	GlobalSection(MonoDevelopProperties) = preSolution
		StartupItem = OneCoolThing.csproj
	EndGlobalSection
EndGlobal
