
Microsoft Visual Studio Solution File, Format Version 11.00
# Visual Studio 2010
Project("{FAE04EC0-301F-11D3-BF4B-00C04F79EFBC}") = "PhonewordiOS", "PhonewordiOS\PhonewordiOS.csproj", "{CDE12984-7F77-43A9-934C-C09198E2F871}"
EndProject
Project("{FAE04EC0-301F-11D3-BF4B-00C04F79EFBC}") = "PhonewordAndroid", "PhonewordAndroid\PhonewordAndroid.csproj", "{59462286-C2DF-4595-A7F7-1190E2F5479E}"
EndProject
Global
	GlobalSection(SolutionConfigurationPlatforms) = preSolution
		Debug|iPhoneSimulator = Debug|iPhoneSimulator
		Release|iPhoneSimulator = Release|iPhoneSimulator
		Debug|iPhone = Debug|iPhone
		Release|iPhone = Release|iPhone
		Ad-Hoc|iPhone = Ad-Hoc|iPhone
		AppStore|iPhone = AppStore|iPhone
	EndGlobalSection
	GlobalSection(ProjectConfigurationPlatforms) = postSolution
		{59462286-C2DF-4595-A7F7-1190E2F5479E}.Ad-Hoc|iPhone.ActiveCfg = Debug|Any CPU
		{59462286-C2DF-4595-A7F7-1190E2F5479E}.Ad-Hoc|iPhone.Build.0 = Debug|Any CPU
		{59462286-C2DF-4595-A7F7-1190E2F5479E}.AppStore|iPhone.ActiveCfg = Debug|Any CPU
		{59462286-C2DF-4595-A7F7-1190E2F5479E}.AppStore|iPhone.Build.0 = Debug|Any CPU
		{59462286-C2DF-4595-A7F7-1190E2F5479E}.Debug|iPhone.ActiveCfg = Debug|Any CPU
		{59462286-C2DF-4595-A7F7-1190E2F5479E}.Debug|iPhone.Build.0 = Debug|Any CPU
		{59462286-C2DF-4595-A7F7-1190E2F5479E}.Debug|iPhoneSimulator.ActiveCfg = Debug|Any CPU
		{59462286-C2DF-4595-A7F7-1190E2F5479E}.Debug|iPhoneSimulator.Build.0 = Debug|Any CPU
		{59462286-C2DF-4595-A7F7-1190E2F5479E}.Release|iPhone.ActiveCfg = Release|Any CPU
		{59462286-C2DF-4595-A7F7-1190E2F5479E}.Release|iPhone.Build.0 = Release|Any CPU
		{59462286-C2DF-4595-A7F7-1190E2F5479E}.Release|iPhoneSimulator.ActiveCfg = Release|Any CPU
		{59462286-C2DF-4595-A7F7-1190E2F5479E}.Release|iPhoneSimulator.Build.0 = Release|Any CPU
		{CDE12984-7F77-43A9-934C-C09198E2F871}.Ad-Hoc|iPhone.ActiveCfg = Ad-Hoc|iPhone
		{CDE12984-7F77-43A9-934C-C09198E2F871}.Ad-Hoc|iPhone.Build.0 = Ad-Hoc|iPhone
		{CDE12984-7F77-43A9-934C-C09198E2F871}.AppStore|iPhone.ActiveCfg = AppStore|iPhone
		{CDE12984-7F77-43A9-934C-C09198E2F871}.AppStore|iPhone.Build.0 = AppStore|iPhone
		{CDE12984-7F77-43A9-934C-C09198E2F871}.Debug|iPhone.ActiveCfg = Debug|iPhone
		{CDE12984-7F77-43A9-934C-C09198E2F871}.Debug|iPhone.Build.0 = Debug|iPhone
		{CDE12984-7F77-43A9-934C-C09198E2F871}.Debug|iPhoneSimulator.ActiveCfg = Debug|iPhoneSimulator
		{CDE12984-7F77-43A9-934C-C09198E2F871}.Debug|iPhoneSimulator.Build.0 = Debug|iPhoneSimulator
		{CDE12984-7F77-43A9-934C-C09198E2F871}.Release|iPhone.ActiveCfg = Release|iPhone
		{CDE12984-7F77-43A9-934C-C09198E2F871}.Release|iPhone.Build.0 = Release|iPhone
		{CDE12984-7F77-43A9-934C-C09198E2F871}.Release|iPhoneSimulator.ActiveCfg = Release|iPhoneSimulator
		{CDE12984-7F77-43A9-934C-C09198E2F871}.Release|iPhoneSimulator.Build.0 = Release|iPhoneSimulator
	EndGlobalSection
	GlobalSection(MonoDevelopProperties) = preSolution
		StartupItem = PhonewordiOS\PhonewordiOS.csproj
	EndGlobalSection
EndGlobal
