
Microsoft Visual Studio Solution File, Format Version 11.00
# Visual Studio 2010
Project("{FAE04EC0-301F-11D3-BF4B-00C04F79EFBC}") = "CorporatePhonebook", "CorporatePhonebook.csproj", "{A07BC20B-7B5F-4DB5-BA02-75BB015BFA36}"
EndProject
Global
	GlobalSection(SolutionConfigurationPlatforms) = preSolution
		Debug|iPhoneSimulator = Debug|iPhoneSimulator
		Release|iPhoneSimulator = Release|iPhoneSimulator
		Debug|iPhone = Debug|iPhone
		Release|iPhone = Release|iPhone
	EndGlobalSection
	GlobalSection(ProjectConfigurationPlatforms) = postSolution
		{A07BC20B-7B5F-4DB5-BA02-75BB015BFA36}.Debug|iPhone.ActiveCfg = Debug|iPhone
		{A07BC20B-7B5F-4DB5-BA02-75BB015BFA36}.Debug|iPhone.Build.0 = Debug|iPhone
		{A07BC20B-7B5F-4DB5-BA02-75BB015BFA36}.Debug|iPhoneSimulator.ActiveCfg = Debug|iPhoneSimulator
		{A07BC20B-7B5F-4DB5-BA02-75BB015BFA36}.Debug|iPhoneSimulator.Build.0 = Debug|iPhoneSimulator
		{A07BC20B-7B5F-4DB5-BA02-75BB015BFA36}.Release|iPhone.ActiveCfg = Release|iPhone
		{A07BC20B-7B5F-4DB5-BA02-75BB015BFA36}.Release|iPhone.Build.0 = Release|iPhone
		{A07BC20B-7B5F-4DB5-BA02-75BB015BFA36}.Release|iPhoneSimulator.ActiveCfg = Release|iPhoneSimulator
		{A07BC20B-7B5F-4DB5-BA02-75BB015BFA36}.Release|iPhoneSimulator.Build.0 = Release|iPhoneSimulator
	EndGlobalSection
	GlobalSection(MonoDevelopProperties) = preSolution
		StartupItem = CorporatePhonebook.csproj
	EndGlobalSection
EndGlobal
